
Microsoft Visual Studio Solution File, Format Version 12.00
# Visual Studio 15
VisualStudioVersion = 15.0.28307.1622
MinimumVisualStudioVersion = 10.0.40219.1
Project("{F184B08F-C81C-45F6-A57F-5ABD9991F28F}") = "Motor Class", "Motor Class\Motor Class.vbproj", "{84D67BA9-BD42-44F2-A52C-7C7D75237410}"
EndProject
Global
	GlobalSection(SolutionConfigurationPlatforms) = preSolution
		Debug|Any CPU = Debug|Any CPU
		Release|Any CPU = Release|Any CPU
	EndGlobalSection
	GlobalSection(ProjectConfigurationPlatforms) = postSolution
		{84D67BA9-BD42-44F2-A52C-7C7D75237410}.Debug|Any CPU.ActiveCfg = Debug|Any CPU
		{84D67BA9-BD42-44F2-A52C-7C7D75237410}.Debug|Any CPU.Build.0 = Debug|Any CPU
		{84D67BA9-BD42-44F2-A52C-7C7D75237410}.Release|Any CPU.ActiveCfg = Release|Any CPU
		{84D67BA9-BD42-44F2-A52C-7C7D75237410}.Release|Any CPU.Build.0 = Release|Any CPU
	EndGlobalSection
	GlobalSection(SolutionProperties) = preSolution
		HideSolutionNode = FALSE
	EndGlobalSection
	GlobalSection(ExtensibilityGlobals) = postSolution
		SolutionGuid = {F77E49E8-52B0-40C4-B835-A1C104DF1C9D}
	EndGlobalSection
EndGlobal
